Microsoft Visual Studio Solution File, Format Version 12.00
# Visual Studio Version 16
VisualStudioVersion = 16.0.29123.88
MinimumVisualStudioVersion = 10.0.40219.1
Project("{FAE04EC0-301F-11D3-BF4B-00C04F79EFBC}") = "XamarinForms3Feature.Android", "XamarinForms3Feature.Android\XamarinForms3Feature.Android.csproj", "{7BB0C36C-1A94-4E4E-ACA7-5178A1F7DEB7}"
EndProject
Project("{FAE04EC0-301F-11D3-BF4B-00C04F79EFBC}") = "XamarinForms3Feature.iOS", "XamarinForms3Feature.iOS\XamarinForms3Feature.iOS.csproj", "{4D29B21B-B3EE-4A0A-A80B-FE545D429E0E}"
EndProject
Project("{9A19103F-16F7-4668-BE54-9A1E7A4F7556}") = "XamarinForms3Feature", "XamarinForms3Feature\XamarinForms3Feature.csproj", "{584B9163-6DAE-4E98-B842-A71DFE6631A7}"
EndProject
Global
	GlobalSection(SolutionConfigurationPlatforms) = preSolution
		Ad-Hoc|Any CPU = Ad-Hoc|Any CPU
		Ad-Hoc|iPhone = Ad-Hoc|iPhone
		Ad-Hoc|iPhoneSimulator = Ad-Hoc|iPhoneSimulator
		AppStore|Any CPU = AppStore|Any CPU
		AppStore|iPhone = AppStore|iPhone
		AppStore|iPhoneSimulator = AppStore|iPhoneSimulator
		Debug|Any CPU = Debug|Any CPU
		Debug|iPhone = Debug|iPhone
		Debug|iPhoneSimulator = Debug|iPhoneSimulator
		Release|Any CPU = Release|Any CPU
		Release|iPhone = Release|iPhone
		Release|iPhoneSimulator = Release|iPhoneSimulator
	EndGlobalSection
	GlobalSection(ProjectConfigurationPlatforms) = postSolution
		{7BB0C36C-1A94-4E4E-ACA7-5178A1F7DEB7}.Ad-Hoc|Any CPU.ActiveCfg = Release|Any CPU
		{7BB0C36C-1A94-4E4E-ACA7-5178A1F7DEB7}.Ad-Hoc|Any CPU.Build.0 = Release|Any CPU
		{7BB0C36C-1A94-4E4E-ACA7-5178A1F7DEB7}.Ad-Hoc|Any CPU.Deploy.0 = Release|Any CPU
		{7BB0C36C-1A94-4E4E-ACA7-5178A1F7DEB7}.Ad-Hoc|iPhone.ActiveCfg = Debug|Any CPU
		{7BB0C36C-1A94-4E4E-ACA7-5178A1F7DEB7}.Ad-Hoc|iPhone.Build.0 = Debug|Any CPU
		{7BB0C36C-1A94-4E4E-ACA7-5178A1F7DEB7}.Ad-Hoc|iPhoneSimulator.ActiveCfg = Release|Any CPU
		{7BB0C36C-1A94-4E4E-ACA7-5178A1F7DEB7}.Ad-Hoc|iPhoneSimulator.Build.0 = Release|Any CPU
		{7BB0C36C-1A94-4E4E-ACA7-5178A1F7DEB7}.Ad-Hoc|iPhoneSimulator.Deploy.0 = Release|Any CPU
		{7BB0C36C-1A94-4E4E-ACA7-5178A1F7DEB7}.AppStore|Any CPU.ActiveCfg = Release|Any CPU
		{7BB0C36C-1A94-4E4E-ACA7-5178A1F7DEB7}.AppStore|Any CPU.Build.0 = Release|Any CPU
		{7BB0C36C-1A94-4E4E-ACA7-5178A1F7DEB7}.AppStore|Any CPU.Deploy.0 = Release|Any CPU
		{7BB0C36C-1A94-4E4E-ACA7-5178A1F7DEB7}.AppStore|iPhone.ActiveCfg = Debug|Any CPU
		{7BB0C36C-1A94-4E4E-ACA7-5178A1F7DEB7}.AppStore|iPhone.Build.0 = Debug|Any CPU
		{7BB0C36C-1A94-4E4E-ACA7-5178A1F7DEB7}.AppStore|iPhoneSimulator.ActiveCfg = Release|Any CPU
		{7BB0C36C-1A94-4E4E-ACA7-5178A1F7DEB7}.AppStore|iPhoneSimulator.Build.0 = Release|Any CPU
		{7BB0C36C-1A94-4E4E-ACA7-5178A1F7DEB7}.AppStore|iPhoneSimulator.Deploy.0 = Release|Any CPU
		{7BB0C36C-1A94-4E4E-ACA7-5178A1F7DEB7}.Debug|Any CPU.ActiveCfg = Debug|Any CPU
		{7BB0C36C-1A94-4E4E-ACA7-5178A1F7DEB7}.Debug|Any CPU.Build.0 = Debug|Any CPU
		{7BB0C36C-1A94-4E4E-ACA7-5178A1F7DEB7}.Debug|Any CPU.Deploy.0 = Debug|Any CPU
		{7BB0C36C-1A94-4E4E-ACA7-5178A1F7DEB7}.Debug|iPhone.ActiveCfg = Debug|Any CPU
		{7BB0C36C-1A94-4E4E-ACA7-5178A1F7DEB7}.Debug|iPhone.Build.0 = Debug|Any CPU
		{7BB0C36C-1A94-4E4E-ACA7-5178A1F7DEB7}.Debug|iPhoneSimulator.ActiveCfg = Debug|Any CPU
		{7BB0C36C-1A94-4E4E-ACA7-5178A1F7DEB7}.Debug|iPhoneSimulator.Build.0 = Debug|Any CPU
		{7BB0C36C-1A94-4E4E-ACA7-5178A1F7DEB7}.Release|Any CPU.ActiveCfg = Release|Any CPU
		{7BB0C36C-1A94-4E4E-ACA7-5178A1F7DEB7}.Release|Any CPU.Build.0 = Release|Any CPU
		{7BB0C36C-1A94-4E4E-ACA7-5178A1F7DEB7}.Release|iPhone.ActiveCfg = Release|Any CPU
		{7BB0C36C-1A94-4E4E-ACA7-5178A1F7DEB7}.Release|iPhone.Build.0 = Release|Any CPU
		{7BB0C36C-1A94-4E4E-ACA7-5178A1F7DEB7}.Release|iPhoneSimulator.ActiveCfg = Release|Any CPU
		{7BB0C36C-1A94-4E4E-ACA7-5178A1F7DEB7}.Release|iPhoneSimulator.Build.0 = Release|Any CPU
		{4D29B21B-B3EE-4A0A-A80B-FE545D429E0E}.Ad-Hoc|Any CPU.ActiveCfg = Ad-Hoc|iPhoneSimulator
		{4D29B21B-B3EE-4A0A-A80B-FE545D429E0E}.Ad-Hoc|iPhone.ActiveCfg = Ad-Hoc|iPhone
		{4D29B21B-B3EE-4A0A-A80B-FE545D429E0E}.Ad-Hoc|iPhone.Build.0 = Ad-Hoc|iPhone
		{4D29B21B-B3EE-4A0A-A80B-FE545D429E0E}.Ad-Hoc|iPhoneSimulator.ActiveCfg = Ad-Hoc|iPhoneSimulator
		{4D29B21B-B3EE-4A0A-A80B-FE545D429E0E}.Ad-Hoc|iPhoneSimulator.Build.0 = Ad-Hoc|iPhoneSimulator
		{4D29B21B-B3EE-4A0A-A80B-FE545D429E0E}.AppStore|Any CPU.ActiveCfg = AppStore|iPhoneSimulator
		{4D29B21B-B3EE-4A0A-A80B-FE545D429E0E}.AppStore|iPhone.ActiveCfg = AppStore|iPhone
		{4D29B21B-B3EE-4A0A-A80B-FE545D429E0E}.AppStore|iPhone.Build.0 = AppStore|iPhone
		{4D29B21B-B3EE-4A0A-A80B-FE545D429E0E}.AppStore|iPhoneSimulator.ActiveCfg = AppStore|iPhoneSimulator
		{4D29B21B-B3EE-4A0A-A80B-FE545D429E0E}.AppStore|iPhoneSimulator.Build.0 = AppStore|iPhoneSimulator
		{4D29B21B-B3EE-4A0A-A80B-FE545D429E0E}.Debug|Any CPU.ActiveCfg = Debug|iPhoneSimulator
		{4D29B21B-B3EE-4A0A-A80B-FE545D429E0E}.Debug|Any CPU.Build.0 = Debug|iPhoneSimulator
		{4D29B21B-B3EE-4A0A-A80B-FE545D429E0E}.Debug|iPhone.ActiveCfg = Debug|iPhone
		{4D29B21B-B3EE-4A0A-A80B-FE545D429E0E}.Debug|iPhone.Build.0 = Debug|iPhone
		{4D29B21B-B3EE-4A0A-A80B-FE545D429E0E}.Debug|iPhoneSimulator.ActiveCfg = Debug|iPhoneSimulator
		{4D29B21B-B3EE-4A0A-A80B-FE545D429E0E}.Debug|iPhoneSimulator.Build.0 = Debug|iPhoneSimulator
		{4D29B21B-B3EE-4A0A-A80B-FE545D429E0E}.Release|Any CPU.ActiveCfg = Release|iPhoneSimulator
		{4D29B21B-B3EE-4A0A-A80B-FE545D429E0E}.Release|Any CPU.Build.0 = Release|iPhoneSimulator
		{4D29B21B-B3EE-4A0A-A80B-FE545D429E0E}.Release|iPhone.ActiveCfg = Release|iPhone
		{4D29B21B-B3EE-4A0A-A80B-FE545D429E0E}.Release|iPhone.Build.0 = Release|iPhone
		{4D29B21B-B3EE-4A0A-A80B-FE545D429E0E}.Release|iPhoneSimulator.ActiveCfg = Release|iPhoneSimulator
		{4D29B21B-B3EE-4A0A-A80B-FE545D429E0E}.Release|iPhoneSimulator.Build.0 = Release|iPhoneSimulator
		{584B9163-6DAE-4E98-B842-A71DFE6631A7}.Ad-Hoc|Any CPU.ActiveCfg = Release|Any CPU
		{584B9163-6DAE-4E98-B842-A71DFE6631A7}.Ad-Hoc|Any CPU.Build.0 = Release|Any CPU
		{584B9163-6DAE-4E98-B842-A71DFE6631A7}.Ad-Hoc|iPhone.ActiveCfg = Debug|Any CPU
		{584B9163-6DAE-4E98-B842-A71DFE6631A7}.Ad-Hoc|iPhone.Build.0 = Debug|Any CPU
		{584B9163-6DAE-4E98-B842-A71DFE6631A7}.Ad-Hoc|iPhoneSimulator.ActiveCfg = Release|Any CPU
		{584B9163-6DAE-4E98-B842-A71DFE6631A7}.Ad-Hoc|iPhoneSimulator.Build.0 = Release|Any CPU
		{584B9163-6DAE-4E98-B842-A71DFE6631A7}.AppStore|Any CPU.ActiveCfg = Release|Any CPU
		{584B9163-6DAE-4E98-B842-A71DFE6631A7}.AppStore|Any CPU.Build.0 = Release|Any CPU
		{584B9163-6DAE-4E98-B842-A71DFE6631A7}.AppStore|iPhone.ActiveCfg = Debug|Any CPU
		{584B9163-6DAE-4E98-B842-A71DFE6631A7}.AppStore|iPhone.Build.0 = Debug|Any CPU
		{584B9163-6DAE-4E98-B842-A71DFE6631A7}.AppStore|iPhoneSimulator.ActiveCfg = Release|Any CPU
		{584B9163-6DAE-4E98-B842-A71DFE6631A7}.AppStore|iPhoneSimulator.Build.0 = Release|Any CPU
		{584B9163-6DAE-4E98-B842-A71DFE6631A7}.Debug|Any CPU.ActiveCfg = Debug|Any CPU
		{584B9163-6DAE-4E98-B842-A71DFE6631A7}.Debug|Any CPU.Build.0 = Debug|Any CPU
		{584B9163-6DAE-4E98-B842-A71DFE6631A7}.Debug|iPhone.ActiveCfg = Debug|Any CPU
		{584B9163-6DAE-4E98-B842-A71DFE6631A7}.Debug|iPhone.Build.0 = Debug|Any CPU
		{584B9163-6DAE-4E98-B842-A71DFE6631A7}.Debug|iPhoneSimulator.ActiveCfg = Debug|Any CPU
		{584B9163-6DAE-4E98-B842-A71DFE6631A7}.Debug|iPhoneSimulator.Build.0 = Debug|Any CPU
		{584B9163-6DAE-4E98-B842-A71DFE6631A7}.Release|Any CPU.ActiveCfg = Release|Any CPU
		{584B9163-6DAE-4E98-B842-A71DFE6631A7}.Release|Any CPU.Build.0 = Release|Any CPU
		{584B9163-6DAE-4E98-B842-A71DFE6631A7}.Release|iPhone.ActiveCfg = Release|Any CPU
		{584B9163-6DAE-4E98-B842-A71DFE6631A7}.Release|iPhone.Build.0 = Release|Any CPU
		{584B9163-6DAE-4E98-B842-A71DFE6631A7}.Release|iPhoneSimulator.ActiveCfg = Release|Any CPU
		{584B9163-6DAE-4E98-B842-A71DFE6631A7}.Release|iPhoneSimulator.Build.0 = Release|Any CPU
	EndGlobalSection
	GlobalSection(SolutionProperties) = preSolution
		HideSolutionNode = FALSE
	EndGlobalSection
	GlobalSection(ExtensibilityGlobals) = postSolution
		SolutionGuid = {913D385E-44C4-4E9E-AD28-89862F5E9856}
	EndGlobalSection
EndGlobal
